
Microsoft Visual Studio Solution File, Format Version 12.00
# Visual Studio Version 16
VisualStudioVersion = 16.0.30804.86
MinimumVisualStudioVersion = 10.0.40219.1
Project("{FAE04EC0-301F-11D3-BF4B-00C04F79EFBC}") = "Registration.DomainCore", "Registration.DomainCore\Registration.DomainCore.csproj", "{1B1347C4-C534-42E8-82E5-BACCA2DBA690}"
EndProject
Project("{FAE04EC0-301F-11D3-BF4B-00C04F79EFBC}") = "Registration.DomainModels", "Registration.DomainModels\Registration.DomainModels.csproj", "{4422E49A-4CFE-4053-8692-E5C2F4E124AF}"
EndProject
Project("{FAE04EC0-301F-11D3-BF4B-00C04F79EFBC}") = "Registration.WebApi", "Registration.WebApi\Registration.WebApi.csproj", "{4F983C05-047B-48B3-AE0C-8D45D68E3BD3}"
EndProject
Global
	GlobalSection(SolutionConfigurationPlatforms) = preSolution
		Debug|Any CPU = Debug|Any CPU
		Release|Any CPU = Release|Any CPU
	EndGlobalSection
	GlobalSection(ProjectConfigurationPlatforms) = postSolution
		{1B1347C4-C534-42E8-82E5-BACCA2DBA690}.Debug|Any CPU.ActiveCfg = Debug|Any CPU
		{1B1347C4-C534-42E8-82E5-BACCA2DBA690}.Debug|Any CPU.Build.0 = Debug|Any CPU
		{1B1347C4-C534-42E8-82E5-BACCA2DBA690}.Release|Any CPU.ActiveCfg = Release|Any CPU
		{1B1347C4-C534-42E8-82E5-BACCA2DBA690}.Release|Any CPU.Build.0 = Release|Any CPU
		{4422E49A-4CFE-4053-8692-E5C2F4E124AF}.Debug|Any CPU.ActiveCfg = Debug|Any CPU
		{4422E49A-4CFE-4053-8692-E5C2F4E124AF}.Debug|Any CPU.Build.0 = Debug|Any CPU
		{4422E49A-4CFE-4053-8692-E5C2F4E124AF}.Release|Any CPU.ActiveCfg = Release|Any CPU
		{4422E49A-4CFE-4053-8692-E5C2F4E124AF}.Release|Any CPU.Build.0 = Release|Any CPU
		{4F983C05-047B-48B3-AE0C-8D45D68E3BD3}.Debug|Any CPU.ActiveCfg = Debug|Any CPU
		{4F983C05-047B-48B3-AE0C-8D45D68E3BD3}.Debug|Any CPU.Build.0 = Debug|Any CPU
		{4F983C05-047B-48B3-AE0C-8D45D68E3BD3}.Release|Any CPU.ActiveCfg = Release|Any CPU
		{4F983C05-047B-48B3-AE0C-8D45D68E3BD3}.Release|Any CPU.Build.0 = Release|Any CPU
	EndGlobalSection
	GlobalSection(SolutionProperties) = preSolution
		HideSolutionNode = FALSE
	EndGlobalSection
	GlobalSection(ExtensibilityGlobals) = postSolution
		SolutionGuid = {856E5EA3-8014-47BC-A464-E68DD6556985}
	EndGlobalSection
EndGlobal
