
Microsoft Visual Studio Solution File, Format Version 12.00
# Visual Studio Version 16
VisualStudioVersion = 16.0.30804.86
MinimumVisualStudioVersion = 10.0.40219.1
Project("{9A19103F-16F7-4668-BE54-9A1E7A4F7556}") = "Registration.WebApi", "Registration.WebApi\Registration.WebApi.csproj", "{4F983C05-047B-48B3-AE0C-8D45D68E3BD3}"
EndProject
Project("{FAE04EC0-301F-11D3-BF4B-00C04F79EFBC}") = "Registration.DataAccessLayer", "Registration.DataAccessLayer\Registration.DataAccessLayer.csproj", "{98F0CFD0-723F-485F-BBC8-2B0DA1088F57}"
EndProject
Project("{FAE04EC0-301F-11D3-BF4B-00C04F79EFBC}") = "Registration.BusinessLogicLayer", "Registration.BusinessLogicLayer\Registration.BusinessLogicLayer.csproj", "{D290B310-D5C1-4060-A73A-703AEA8316D4}"
EndProject
Global
	GlobalSection(SolutionConfigurationPlatforms) = preSolution
		Debug|Any CPU = Debug|Any CPU
		Release|Any CPU = Release|Any CPU
	EndGlobalSection
	GlobalSection(ProjectConfigurationPlatforms) = postSolution
		{4F983C05-047B-48B3-AE0C-8D45D68E3BD3}.Debug|Any CPU.ActiveCfg = Debug|Any CPU
		{4F983C05-047B-48B3-AE0C-8D45D68E3BD3}.Debug|Any CPU.Build.0 = Debug|Any CPU
		{4F983C05-047B-48B3-AE0C-8D45D68E3BD3}.Release|Any CPU.ActiveCfg = Release|Any CPU
		{4F983C05-047B-48B3-AE0C-8D45D68E3BD3}.Release|Any CPU.Build.0 = Release|Any CPU
		{98F0CFD0-723F-485F-BBC8-2B0DA1088F57}.Debug|Any CPU.ActiveCfg = Debug|Any CPU
		{98F0CFD0-723F-485F-BBC8-2B0DA1088F57}.Debug|Any CPU.Build.0 = Debug|Any CPU
		{98F0CFD0-723F-485F-BBC8-2B0DA1088F57}.Release|Any CPU.ActiveCfg = Release|Any CPU
		{98F0CFD0-723F-485F-BBC8-2B0DA1088F57}.Release|Any CPU.Build.0 = Release|Any CPU
		{D290B310-D5C1-4060-A73A-703AEA8316D4}.Debug|Any CPU.ActiveCfg = Debug|Any CPU
		{D290B310-D5C1-4060-A73A-703AEA8316D4}.Debug|Any CPU.Build.0 = Debug|Any CPU
		{D290B310-D5C1-4060-A73A-703AEA8316D4}.Release|Any CPU.ActiveCfg = Release|Any CPU
		{D290B310-D5C1-4060-A73A-703AEA8316D4}.Release|Any CPU.Build.0 = Release|Any CPU
	EndGlobalSection
	GlobalSection(SolutionProperties) = preSolution
		HideSolutionNode = FALSE
	EndGlobalSection
	GlobalSection(ExtensibilityGlobals) = postSolution
		SolutionGuid = {856E5EA3-8014-47BC-A464-E68DD6556985}
	EndGlobalSection
EndGlobal
